
Microsoft Visual Studio Solution File, Format Version 12.00
# Visual Studio Version 17
VisualStudioVersion = 17.8.34408.163
MinimumVisualStudioVersion = 10.0.40219.1
Project("{9A19103F-16F7-4668-BE54-9A1E7A4F7556}") = "AvalonEnergyHub", "AvalonEnergyHub.csproj", "{57A1FB8D-CA32-4466-9819-F0970FB1C5A1}"
EndProject
Project("{FAE04EC0-301F-11D3-BF4B-00C04F79EFBC}") = "AvaEnergyDashboard.Core", "..\AvaEnergyDashboard.Core\AvaEnergyDashboard.Core.csproj", "{BF7175D0-A4DC-41C2-A8A4-34054D24B01C}"
EndProject
Project("{FAE04EC0-301F-11D3-BF4B-00C04F79EFBC}") = "AvaEnergyDashboard.Data", "..\AvaEnergyDashboard.Data\AvaEnergyDashboard.Data.csproj", "{D62F6597-9FB6-410E-B84C-ACB45A5F53D3}"
EndProject
Project("{FAE04EC0-301F-11D3-BF4B-00C04F79EFBC}") = "AvaEnergyDashboard.Models", "..\AvaEnergyDashboard.Models\AvaEnergyDashboard.Models.csproj", "{53C3CDD1-B76F-4CB2-969D-C1152C32872F}"
EndProject
Global
	GlobalSection(SolutionConfigurationPlatforms) = preSolution
		Debug|Any CPU = Debug|Any CPU
		Release|Any CPU = Release|Any CPU
	EndGlobalSection
	GlobalSection(ProjectConfigurationPlatforms) = postSolution
		{57A1FB8D-CA32-4466-9819-F0970FB1C5A1}.Debug|Any CPU.ActiveCfg = Debug|Any CPU
		{57A1FB8D-CA32-4466-9819-F0970FB1C5A1}.Debug|Any CPU.Build.0 = Debug|Any CPU
		{57A1FB8D-CA32-4466-9819-F0970FB1C5A1}.Release|Any CPU.ActiveCfg = Release|Any CPU
		{57A1FB8D-CA32-4466-9819-F0970FB1C5A1}.Release|Any CPU.Build.0 = Release|Any CPU
		{BF7175D0-A4DC-41C2-A8A4-34054D24B01C}.Debug|Any CPU.ActiveCfg = Debug|Any CPU
		{BF7175D0-A4DC-41C2-A8A4-34054D24B01C}.Debug|Any CPU.Build.0 = Debug|Any CPU
		{BF7175D0-A4DC-41C2-A8A4-34054D24B01C}.Release|Any CPU.ActiveCfg = Release|Any CPU
		{BF7175D0-A4DC-41C2-A8A4-34054D24B01C}.Release|Any CPU.Build.0 = Release|Any CPU
		{D62F6597-9FB6-410E-B84C-ACB45A5F53D3}.Debug|Any CPU.ActiveCfg = Debug|Any CPU
		{D62F6597-9FB6-410E-B84C-ACB45A5F53D3}.Debug|Any CPU.Build.0 = Debug|Any CPU
		{D62F6597-9FB6-410E-B84C-ACB45A5F53D3}.Release|Any CPU.ActiveCfg = Release|Any CPU
		{D62F6597-9FB6-410E-B84C-ACB45A5F53D3}.Release|Any CPU.Build.0 = Release|Any CPU
		{53C3CDD1-B76F-4CB2-969D-C1152C32872F}.Debug|Any CPU.ActiveCfg = Debug|Any CPU
		{53C3CDD1-B76F-4CB2-969D-C1152C32872F}.Debug|Any CPU.Build.0 = Debug|Any CPU
		{53C3CDD1-B76F-4CB2-969D-C1152C32872F}.Release|Any CPU.ActiveCfg = Release|Any CPU
		{53C3CDD1-B76F-4CB2-969D-C1152C32872F}.Release|Any CPU.Build.0 = Release|Any CPU
	EndGlobalSection
	GlobalSection(SolutionProperties) = preSolution
		HideSolutionNode = FALSE
	EndGlobalSection
	GlobalSection(ExtensibilityGlobals) = postSolution
		SolutionGuid = {333C9C8D-3175-47B0-A324-095935F53CA8}
	EndGlobalSection
EndGlobal
